
Microsoft Visual Studio Solution File, Format Version 12.00
# Visual Studio Version 17
VisualStudioVersion = 17.10.34916.146
MinimumVisualStudioVersion = 10.0.40219.1
Project("{FAE04EC0-301F-11D3-BF4B-00C04F79EFBC}") = "RobotSimulator", "RobotSimulator\RobotSimulator.csproj", "{F05F808B-E7C0-4148-857A-87EF06B58D00}"
EndProject
Project("{FAE04EC0-301F-11D3-BF4B-00C04F79EFBC}") = "RobotSimulator.Tests", "RobotSimulator.Tests\RobotSimulator.Tests.csproj", "{E3C00E6B-37CF-4B21-A9F5-7930F62BC3DF}"
EndProject
Global
	GlobalSection(SolutionConfigurationPlatforms) = preSolution
		Debug|Any CPU = Debug|Any CPU
		Release|Any CPU = Release|Any CPU
	EndGlobalSection
	GlobalSection(ProjectConfigurationPlatforms) = postSolution
		{F05F808B-E7C0-4148-857A-87EF06B58D00}.Debug|Any CPU.ActiveCfg = Debug|Any CPU
		{F05F808B-E7C0-4148-857A-87EF06B58D00}.Debug|Any CPU.Build.0 = Debug|Any CPU
		{F05F808B-E7C0-4148-857A-87EF06B58D00}.Release|Any CPU.ActiveCfg = Release|Any CPU
		{F05F808B-E7C0-4148-857A-87EF06B58D00}.Release|Any CPU.Build.0 = Release|Any CPU
		{E3C00E6B-37CF-4B21-A9F5-7930F62BC3DF}.Debug|Any CPU.ActiveCfg = Debug|Any CPU
		{E3C00E6B-37CF-4B21-A9F5-7930F62BC3DF}.Debug|Any CPU.Build.0 = Debug|Any CPU
		{E3C00E6B-37CF-4B21-A9F5-7930F62BC3DF}.Release|Any CPU.ActiveCfg = Release|Any CPU
		{E3C00E6B-37CF-4B21-A9F5-7930F62BC3DF}.Release|Any CPU.Build.0 = Release|Any CPU
	EndGlobalSection
	GlobalSection(SolutionProperties) = preSolution
		HideSolutionNode = FALSE
	EndGlobalSection
	GlobalSection(ExtensibilityGlobals) = postSolution
		SolutionGuid = {02B7BE24-0B3B-417C-BD67-D553F7CA39D2}
	EndGlobalSection
EndGlobal
